
Microsoft Visual Studio Solution File, Format Version 12.00
# Visual Studio 15
VisualStudioVersion = 15.0.27130.2010
MinimumVisualStudioVersion = 10.0.40219.1
Project("{FAE04EC0-301F-11D3-BF4B-00C04F79EFBC}") = "FBMiner", "FBMiner\FBMiner.csproj", "{70045757-5910-4DC9-9EE6-08DB39BD93D6}"
EndProject
Global
	GlobalSection(SolutionConfigurationPlatforms) = preSolution
		Debug|Any CPU = Debug|Any CPU
		Release|Any CPU = Release|Any CPU
	EndGlobalSection
	GlobalSection(ProjectConfigurationPlatforms) = postSolution
		{70045757-5910-4DC9-9EE6-08DB39BD93D6}.Debug|Any CPU.ActiveCfg = Debug|Any CPU
		{70045757-5910-4DC9-9EE6-08DB39BD93D6}.Debug|Any CPU.Build.0 = Debug|Any CPU
		{70045757-5910-4DC9-9EE6-08DB39BD93D6}.Release|Any CPU.ActiveCfg = Release|Any CPU
		{70045757-5910-4DC9-9EE6-08DB39BD93D6}.Release|Any CPU.Build.0 = Release|Any CPU
	EndGlobalSection
	GlobalSection(SolutionProperties) = preSolution
		HideSolutionNode = FALSE
	EndGlobalSection
	GlobalSection(ExtensibilityGlobals) = postSolution
		SolutionGuid = {A9839CCA-FDB1-47D0-9697-C8D107BB35EF}
	EndGlobalSection
EndGlobal
